{
  "originHash" : "d90ff0fdeb7072cb44b4985a3ef62b46c07917a24c33a94b357b4626dc25fed3",
  "pins" : [
    {
      "identity" : "anthropicswiftsdk",
      "kind" : "remoteSourceControl",
      "location" : "https://github.com/fumito-ito/AnthropicSwiftSDK.git",
      "state" : {
        "revision" : "16460981405215d83a14746a106564e53376bc32",
        "version" : "0.14.0"
      }
    },
    {
      "identity" : "musclemap",
      "kind" : "remoteSourceControl",
      "location" : "https://github.com/melihcolpan/MuscleMap.git",
      "state" : {
        "revision" : "7e3be9ec97db0929e69e5d316b6a687200c170f0",
        "version" : "1.6.0"
      }
    },
    {
      "identity" : "swiftyjsonlines",
      "kind" : "remoteSourceControl",
      "location" : "https://github.com/fumito-ito/SwiftyJSONLines.git",
      "state" : {
        "revision" : "a96f39c20f9d9ed5abf3a4dc3294e69d0e3521cc",
        "version" : "0.0.4"
      }
    }
  ],
  "version" : 3
}
